
Microsoft Visual Studio Solution File, Format Version 12.00
# Visual Studio Version 17
VisualStudioVersion = 17.11.35327.3
MinimumVisualStudioVersion = 10.0.40219.1
Project("{8BC9CEB8-8B4A-11D0-8D11-00A0C91BC942}") = "lab 12 OAIP task 4", "lab 12 OAIP task 4.vcxproj", "{7CD6A8D4-F659-4240-A497-ED8BB6FA8B7F}"
EndProject
Global
	GlobalSection(SolutionConfigurationPlatforms) = preSolution
		Debug|x64 = Debug|x64
		Debug|x86 = Debug|x86
		Release|x64 = Release|x64
		Release|x86 = Release|x86
	EndGlobalSection
	GlobalSection(ProjectConfigurationPlatforms) = postSolution
		{7CD6A8D4-F659-4240-A497-ED8BB6FA8B7F}.Debug|x64.ActiveCfg = Debug|x64
		{7CD6A8D4-F659-4240-A497-ED8BB6FA8B7F}.Debug|x64.Build.0 = Debug|x64
		{7CD6A8D4-F659-4240-A497-ED8BB6FA8B7F}.Debug|x86.ActiveCfg = Debug|Win32
		{7CD6A8D4-F659-4240-A497-ED8BB6FA8B7F}.Debug|x86.Build.0 = Debug|Win32
		{7CD6A8D4-F659-4240-A497-ED8BB6FA8B7F}.Release|x64.ActiveCfg = Release|x64
		{7CD6A8D4-F659-4240-A497-ED8BB6FA8B7F}.Release|x64.Build.0 = Release|x64
		{7CD6A8D4-F659-4240-A497-ED8BB6FA8B7F}.Release|x86.ActiveCfg = Release|Win32
		{7CD6A8D4-F659-4240-A497-ED8BB6FA8B7F}.Release|x86.Build.0 = Release|Win32
	EndGlobalSection
	GlobalSection(SolutionProperties) = preSolution
		HideSolutionNode = FALSE
	EndGlobalSection
	GlobalSection(ExtensibilityGlobals) = postSolution
		SolutionGuid = {0B576842-4BB3-4B91-B73D-1AF8BADD213A}
	EndGlobalSection
EndGlobal
