
Microsoft Visual Studio Solution File, Format Version 12.00
# Visual Studio Version 17
VisualStudioVersion = 17.10.35122.118
MinimumVisualStudioVersion = 10.0.40219.1
Project("{8BC9CEB8-8B4A-11D0-8D11-00A0C91BC942}") = "lab 08 OAIP add task 2", "lab 08 OAIP add task 2.vcxproj", "{194114A4-BC86-4DCA-A750-C1CC159A35C3}"
EndProject
Global
	GlobalSection(SolutionConfigurationPlatforms) = preSolution
		Debug|x64 = Debug|x64
		Debug|x86 = Debug|x86
		Release|x64 = Release|x64
		Release|x86 = Release|x86
	EndGlobalSection
	GlobalSection(ProjectConfigurationPlatforms) = postSolution
		{194114A4-BC86-4DCA-A750-C1CC159A35C3}.Debug|x64.ActiveCfg = Debug|x64
		{194114A4-BC86-4DCA-A750-C1CC159A35C3}.Debug|x64.Build.0 = Debug|x64
		{194114A4-BC86-4DCA-A750-C1CC159A35C3}.Debug|x86.ActiveCfg = Debug|Win32
		{194114A4-BC86-4DCA-A750-C1CC159A35C3}.Debug|x86.Build.0 = Debug|Win32
		{194114A4-BC86-4DCA-A750-C1CC159A35C3}.Release|x64.ActiveCfg = Release|x64
		{194114A4-BC86-4DCA-A750-C1CC159A35C3}.Release|x64.Build.0 = Release|x64
		{194114A4-BC86-4DCA-A750-C1CC159A35C3}.Release|x86.ActiveCfg = Release|Win32
		{194114A4-BC86-4DCA-A750-C1CC159A35C3}.Release|x86.Build.0 = Release|Win32
	EndGlobalSection
	GlobalSection(SolutionProperties) = preSolution
		HideSolutionNode = FALSE
	EndGlobalSection
	GlobalSection(ExtensibilityGlobals) = postSolution
		SolutionGuid = {9985E314-72F5-4437-ABE3-EB47ED94329E}
	EndGlobalSection
EndGlobal
