
Microsoft Visual Studio Solution File, Format Version 12.00
# Visual Studio Version 17
VisualStudioVersion = 17.11.35327.3
MinimumVisualStudioVersion = 10.0.40219.1
Project("{8BC9CEB8-8B4A-11D0-8D11-00A0C91BC942}") = "Лабораторная 2 АИСД", "Лабораторная 2 АИСД.vcxproj", "{0303FC3F-52C9-4193-B35D-5A43BE7D094D}"
EndProject
Global
	GlobalSection(SolutionConfigurationPlatforms) = preSolution
		Debug|x64 = Debug|x64
		Debug|x86 = Debug|x86
		Release|x64 = Release|x64
		Release|x86 = Release|x86
	EndGlobalSection
	GlobalSection(ProjectConfigurationPlatforms) = postSolution
		{0303FC3F-52C9-4193-B35D-5A43BE7D094D}.Debug|x64.ActiveCfg = Debug|x64
		{0303FC3F-52C9-4193-B35D-5A43BE7D094D}.Debug|x64.Build.0 = Debug|x64
		{0303FC3F-52C9-4193-B35D-5A43BE7D094D}.Debug|x86.ActiveCfg = Debug|Win32
		{0303FC3F-52C9-4193-B35D-5A43BE7D094D}.Debug|x86.Build.0 = Debug|Win32
		{0303FC3F-52C9-4193-B35D-5A43BE7D094D}.Release|x64.ActiveCfg = Release|x64
		{0303FC3F-52C9-4193-B35D-5A43BE7D094D}.Release|x64.Build.0 = Release|x64
		{0303FC3F-52C9-4193-B35D-5A43BE7D094D}.Release|x86.ActiveCfg = Release|Win32
		{0303FC3F-52C9-4193-B35D-5A43BE7D094D}.Release|x86.Build.0 = Release|Win32
	EndGlobalSection
	GlobalSection(SolutionProperties) = preSolution
		HideSolutionNode = FALSE
	EndGlobalSection
	GlobalSection(ExtensibilityGlobals) = postSolution
		SolutionGuid = {E068CA2E-8248-46CD-BCA1-25EBC0F72DE8}
	EndGlobalSection
EndGlobal
