
Microsoft Visual Studio Solution File, Format Version 12.00
# Visual Studio Version 17
VisualStudioVersion = 17.10.35122.118
MinimumVisualStudioVersion = 10.0.40219.1
Project("{8BC9CEB8-8B4A-11D0-8D11-00A0C91BC942}") = "Lab 05 OAIP task 1", "Lab 05 OAIP task 1.vcxproj", "{6786DBA6-192A-41D0-BCC3-C1A56228BDAA}"
EndProject
Global
	GlobalSection(SolutionConfigurationPlatforms) = preSolution
		Debug|x64 = Debug|x64
		Debug|x86 = Debug|x86
		Release|x64 = Release|x64
		Release|x86 = Release|x86
	EndGlobalSection
	GlobalSection(ProjectConfigurationPlatforms) = postSolution
		{6786DBA6-192A-41D0-BCC3-C1A56228BDAA}.Debug|x64.ActiveCfg = Debug|x64
		{6786DBA6-192A-41D0-BCC3-C1A56228BDAA}.Debug|x64.Build.0 = Debug|x64
		{6786DBA6-192A-41D0-BCC3-C1A56228BDAA}.Debug|x86.ActiveCfg = Debug|Win32
		{6786DBA6-192A-41D0-BCC3-C1A56228BDAA}.Debug|x86.Build.0 = Debug|Win32
		{6786DBA6-192A-41D0-BCC3-C1A56228BDAA}.Release|x64.ActiveCfg = Release|x64
		{6786DBA6-192A-41D0-BCC3-C1A56228BDAA}.Release|x64.Build.0 = Release|x64
		{6786DBA6-192A-41D0-BCC3-C1A56228BDAA}.Release|x86.ActiveCfg = Release|Win32
		{6786DBA6-192A-41D0-BCC3-C1A56228BDAA}.Release|x86.Build.0 = Release|Win32
	EndGlobalSection
	GlobalSection(SolutionProperties) = preSolution
		HideSolutionNode = FALSE
	EndGlobalSection
	GlobalSection(ExtensibilityGlobals) = postSolution
		SolutionGuid = {A3D723AA-A6D9-43BE-8E88-591AA76D213C}
	EndGlobalSection
EndGlobal
