
Microsoft Visual Studio Solution File, Format Version 12.00
# Visual Studio Version 17
VisualStudioVersion = 17.11.35327.3
MinimumVisualStudioVersion = 10.0.40219.1
Project("{8BC9CEB8-8B4A-11D0-8D11-00A0C91BC942}") = "lab 11 OAIP task 2", "lab 11 OAIP task 2.vcxproj", "{99F736AB-7286-4F42-99E8-F56AD4B66FC4}"
EndProject
Global
	GlobalSection(SolutionConfigurationPlatforms) = preSolution
		Debug|x64 = Debug|x64
		Debug|x86 = Debug|x86
		Release|x64 = Release|x64
		Release|x86 = Release|x86
	EndGlobalSection
	GlobalSection(ProjectConfigurationPlatforms) = postSolution
		{99F736AB-7286-4F42-99E8-F56AD4B66FC4}.Debug|x64.ActiveCfg = Debug|x64
		{99F736AB-7286-4F42-99E8-F56AD4B66FC4}.Debug|x64.Build.0 = Debug|x64
		{99F736AB-7286-4F42-99E8-F56AD4B66FC4}.Debug|x86.ActiveCfg = Debug|Win32
		{99F736AB-7286-4F42-99E8-F56AD4B66FC4}.Debug|x86.Build.0 = Debug|Win32
		{99F736AB-7286-4F42-99E8-F56AD4B66FC4}.Release|x64.ActiveCfg = Release|x64
		{99F736AB-7286-4F42-99E8-F56AD4B66FC4}.Release|x64.Build.0 = Release|x64
		{99F736AB-7286-4F42-99E8-F56AD4B66FC4}.Release|x86.ActiveCfg = Release|Win32
		{99F736AB-7286-4F42-99E8-F56AD4B66FC4}.Release|x86.Build.0 = Release|Win32
	EndGlobalSection
	GlobalSection(SolutionProperties) = preSolution
		HideSolutionNode = FALSE
	EndGlobalSection
	GlobalSection(ExtensibilityGlobals) = postSolution
		SolutionGuid = {8E52873E-205D-4513-9E6A-B216CC40B5A1}
	EndGlobalSection
EndGlobal
